
Microsoft Visual Studio Solution File, Format Version 11.00
# Visual Studio 2010
# SharpDevelop 5.2
Project("{EAD1E85F-CEF5-4861-AFF8-597F2DDE70FC}") = "IEC61499", "IEC61499\IEC61499.dfbproj", "{DFBE9041-AEDB-47A3-9F0D-B6DF30113BE9}"
EndProject
Project("{FAE04EC0-301F-11D3-BF4B-00C04F79EFBC}") = "HMI", "HMI\HMI.csproj", "{C4D5F9D9-1F69-4CDF-A74F-B55E9C9B4250}"
EndProject
Project("{72AEB29F-A91B-8B3D-40ED-1C96841A14A3}") = "HwConfiguration", "HwConfiguration\HwConfiguration.hwconfigproj", "{3381327A-E545-42BE-B2AA-0E0AACD3CAB4}"
EndProject
Project("{E25C2A81-DD87-490C-A304-820B0BA163F2}") = "AssetLinkData", "AssetLinkData\AssetLinkData.assetLinkDataproj", "{9E436BC3-386F-49C9-9BC7-17DFD9BEE735}"
EndProject
Project("{B8625A29-8134-4135-BEBD-5371646CD051}") = "TopologyManager", "Topology\TopologyManager.topologyproj", "{33DA1147-9267-4926-B3C7-570765B8884E}"
EndProject
Project("{AF5A4E9E-1CB6-4325-AE5C-F3437C6CEE36}") = "ATVHMIPlugin", "ATVHMIPlugin\ATVHMIPlugin.atvdisplayproj", "{6695B21C-4736-4440-A7D7-6305F7823582}"
EndProject
Global
	GlobalSection(SolutionConfigurationPlatforms) = preSolution
		Debug|Windows = Debug|Windows
		Release|Windows = Release|Windows
	EndGlobalSection
	GlobalSection(ProjectConfigurationPlatforms) = postSolution
		{DFBE9041-AEDB-47A3-9F0D-B6DF30113BE9}.Debug|Windows.ActiveCfg = Debug|Windows
		{DFBE9041-AEDB-47A3-9F0D-B6DF30113BE9}.Debug|Windows.Build.0 = Debug|Windows
		{DFBE9041-AEDB-47A3-9F0D-B6DF30113BE9}.Release|Windows.ActiveCfg = Release|Windows
		{DFBE9041-AEDB-47A3-9F0D-B6DF30113BE9}.Release|Windows.Build.0 = Release|Windows
		{C4D5F9D9-1F69-4CDF-A74F-B55E9C9B4250}.Debug|Windows.ActiveCfg = Debug|Windows
		{C4D5F9D9-1F69-4CDF-A74F-B55E9C9B4250}.Debug|Windows.Build.0 = Debug|Windows
		{C4D5F9D9-1F69-4CDF-A74F-B55E9C9B4250}.Release|Windows.ActiveCfg = Release|Windows
		{C4D5F9D9-1F69-4CDF-A74F-B55E9C9B4250}.Release|Windows.Build.0 = Release|Windows
		{3381327A-E545-42BE-B2AA-0E0AACD3CAB4}.Debug|Windows.ActiveCfg = Debug|Windows
		{3381327A-E545-42BE-B2AA-0E0AACD3CAB4}.Debug|Windows.Build.0 = Debug|Windows
		{3381327A-E545-42BE-B2AA-0E0AACD3CAB4}.Release|Windows.ActiveCfg = Release|Windows
		{3381327A-E545-42BE-B2AA-0E0AACD3CAB4}.Release|Windows.Build.0 = Release|Windows
		{9E436BC3-386F-49C9-9BC7-17DFD9BEE735}.Debug|Windows.ActiveCfg = Debug|Windows
		{9E436BC3-386F-49C9-9BC7-17DFD9BEE735}.Debug|Windows.Build.0 = Debug|Windows
		{9E436BC3-386F-49C9-9BC7-17DFD9BEE735}.Release|Windows.ActiveCfg = Release|Windows
		{9E436BC3-386F-49C9-9BC7-17DFD9BEE735}.Release|Windows.Build.0 = Release|Windows
		{33DA1147-9267-4926-B3C7-570765B8884E}.Debug|Windows.ActiveCfg = Debug|Windows
		{33DA1147-9267-4926-B3C7-570765B8884E}.Debug|Windows.Build.0 = Debug|Windows
		{33DA1147-9267-4926-B3C7-570765B8884E}.Release|Windows.ActiveCfg = Release|Windows
		{33DA1147-9267-4926-B3C7-570765B8884E}.Release|Windows.Build.0 = Release|Windows
		{6695B21C-4736-4440-A7D7-6305F7823582}.Debug|Windows.ActiveCfg = Debug|Windows
		{6695B21C-4736-4440-A7D7-6305F7823582}.Debug|Windows.Build.0 = Debug|Windows
		{6695B21C-4736-4440-A7D7-6305F7823582}.Release|Windows.ActiveCfg = Release|Windows
		{6695B21C-4736-4440-A7D7-6305F7823582}.Release|Windows.Build.0 = Release|Windows
	EndGlobalSection
EndGlobal
